<?xml version="1.0" encoding="utf-8"?>
<Project ToolsVersion="4.0" xmlns="http://schemas.microsoft.com/developer/msbuild/2003">
  <ItemGroup>
    <ClCompile Include="Renders\Context.cpp">
      <Filter>Renders</Filter>
    </ClCompile>
    <ClCompile Include="Renders\Shader.cpp">
      <Filter>Renders</Filter>
    </ClCompile>
    <ClCompile Include="Renders\Texture.cpp">
      <Filter>Renders</Filter>
    </ClCompile>
    <ClCompile Include="Systems\D3D.cpp">
      <Filter>Systems</Filter>
    </ClCompile>
    <ClCompile Include="Systems\Gui.cpp">
      <Filter>Systems</Filter>
    </ClCompile>
    <ClCompile Include="Systems\Keyboard.cpp">
      <Filter>Systems</Filter>
    </ClCompile>
    <ClCompile Include="Systems\Mouse.cpp">
      <Filter>Systems</Filter>
    </ClCompile>
    <ClCompile Include="Systems\Time.cpp">
      <Filter>Systems</Filter>
    </ClCompile>
    <ClCompile Include="Systems\Window.cpp">
      <Filter>Systems</Filter>
    </ClCompile>
    <ClCompile Include="Utilities\Path.cpp">
      <Filter>Utilities</Filter>
    </ClCompile>
    <ClCompile Include="Utilities\String.cpp">
      <Filter>Utilities</Filter>
    </ClCompile>
    <ClCompile Include="Utilities\Xml.cpp">
      <Filter>Utilities</Filter>
    </ClCompile>
    <ClCompile Include="Utilities\BinaryFile.cpp">
      <Filter>Utilities</Filter>
    </ClCompile>
    <ClCompile Include="Utilities\Math.cpp">
      <Filter>Utilities</Filter>
    </ClCompile>
    <ClCompile Include="Viewer\Orthographic.cpp">
      <Filter>Viewer</Filter>
    </ClCompile>
    <ClCompile Include="Viewer\Perspective.cpp">
      <Filter>Viewer</Filter>
    </ClCompile>
    <ClCompile Include="Viewer\Projection.cpp">
      <Filter>Viewer</Filter>
    </ClCompile>
    <ClCompile Include="Viewer\Viewport.cpp">
      <Filter>Viewer</Filter>
    </ClCompile>
    <ClCompile Include="Framework.cpp" />
    <ClCompile Include="Viewer\Camera.cpp">
      <Filter>Viewer</Filter>
    </ClCompile>
    <ClCompile Include="Viewer\Freedom.cpp">
      <Filter>Viewer</Filter>
    </ClCompile>
    <ClCompile Include="Environment\Terrain.cpp">
      <Filter>Environment</Filter>
    </ClCompile>
    <ClCompile Include="Renders\DebugLine.cpp">
      <Filter>Renders</Filter>
    </ClCompile>
    <ClCompile Include="StaticMeshes\StaticMesh.cpp">
      <Filter>StaticMeshes</Filter>
    </ClCompile>
    <ClCompile Include="StaticMeshes\StaticMesh_Quad.cpp">
      <Filter>StaticMeshes</Filter>
    </ClCompile>
    <ClCompile Include="StaticMeshes\StaticMesh_Plane.cpp">
      <Filter>StaticMeshes</Filter>
    </ClCompile>
    <ClCompile Include="StaticMeshes\StaticMesh_Cube.cpp">
      <Filter>StaticMeshes</Filter>
    </ClCompile>
    <ClCompile Include="StaticMeshes\StaticMesh_Cylinder.cpp">
      <Filter>StaticMeshes</Filter>
    </ClCompile>
    <ClCompile Include="StaticMeshes\StaticMesh_Sphere.cpp">
      <Filter>StaticMeshes</Filter>
    </ClCompile>
    <ClCompile Include="StaticMeshes\CubeMapMesh.cpp">
      <Filter>StaticMeshes</Filter>
    </ClCompile>
    <ClCompile Include="Environment\Sky.cpp">
      <Filter>Environment</Filter>
    </ClCompile>
    <ClCompile Include="Renders\Buffers.cpp">
      <Filter>Renders</Filter>
    </ClCompile>
    <ClCompile Include="Renders\Transform.cpp">
      <Filter>Renders</Filter>
    </ClCompile>
    <ClCompile Include="Renders\PerFrame.cpp">
      <Filter>Renders</Filter>
    </ClCompile>
    <ClCompile Include="Renders\StaticMeshRenderer.cpp">
      <Filter>Renders</Filter>
    </ClCompile>
    <ClCompile Include="SkeletalMeshes\SkeletalMesh.cpp">
      <Filter>SkeletalMeshes</Filter>
    </ClCompile>
    <ClCompile Include="SkeletalMeshes\SkeletalMeshMesh.cpp">
      <Filter>SkeletalMeshes</Filter>
    </ClCompile>
    <ClCompile Include="SkeletalMeshes\SkeletalMeshRenderer.cpp">
      <Filter>SkeletalMeshes</Filter>
    </ClCompile>
    <ClCompile Include="Renders\Material.cpp">
      <Filter>Renders</Filter>
    </ClCompile>
    <ClCompile Include="SkeletalMeshes\SkeletalMeshClip.cpp">
      <Filter>SkeletalMeshes</Filter>
    </ClCompile>
    <ClCompile Include="SkeletalMeshes\SkeletalMeshAnimator.cpp">
      <Filter>SkeletalMeshes</Filter>
    </ClCompile>
    <ClCompile Include="Viewer\Canvas.cpp">
      <Filter>Viewer</Filter>
    </ClCompile>
  </ItemGroup>
  <ItemGroup>
    <Filter Include="Renders">
      <UniqueIdentifier>{34400cdd-d4be-415a-850e-934fd848361e}</UniqueIdentifier>
    </Filter>
    <Filter Include="Systems">
      <UniqueIdentifier>{6e112a08-74e8-4991-aba5-18a4026d8cbc}</UniqueIdentifier>
    </Filter>
    <Filter Include="Utilities">
      <UniqueIdentifier>{da720dd5-2244-4ebe-9494-33d078048cbd}</UniqueIdentifier>
    </Filter>
    <Filter Include="Viewer">
      <UniqueIdentifier>{b8f4ac24-d70b-4e56-88c5-d30307e63406}</UniqueIdentifier>
    </Filter>
    <Filter Include="Environment">
      <UniqueIdentifier>{a2237272-5b7c-4cb8-98e3-f66ae7208aeb}</UniqueIdentifier>
    </Filter>
    <Filter Include="StaticMeshes">
      <UniqueIdentifier>{ae93a525-ace3-4f01-b1a5-d6b397ee39e9}</UniqueIdentifier>
    </Filter>
    <Filter Include="SkeletalMeshes">
      <UniqueIdentifier>{04d643be-4590-4cb6-8747-1d86c4191d30}</UniqueIdentifier>
    </Filter>
  </ItemGroup>
  <ItemGroup>
    <ClInclude Include="Renders\Context.h">
      <Filter>Renders</Filter>
    </ClInclude>
    <ClInclude Include="Renders\Shader.h">
      <Filter>Renders</Filter>
    </ClInclude>
    <ClInclude Include="Renders\Texture.h">
      <Filter>Renders</Filter>
    </ClInclude>
    <ClInclude Include="Systems\D3D.h">
      <Filter>Systems</Filter>
    </ClInclude>
    <ClInclude Include="Systems\Gui.h">
      <Filter>Systems</Filter>
    </ClInclude>
    <ClInclude Include="Systems\IExecute.h">
      <Filter>Systems</Filter>
    </ClInclude>
    <ClInclude Include="Systems\Keyboard.h">
      <Filter>Systems</Filter>
    </ClInclude>
    <ClInclude Include="Systems\Mouse.h">
      <Filter>Systems</Filter>
    </ClInclude>
    <ClInclude Include="Systems\Time.h">
      <Filter>Systems</Filter>
    </ClInclude>
    <ClInclude Include="Systems\Window.h">
      <Filter>Systems</Filter>
    </ClInclude>
    <ClInclude Include="Utilities\Path.h">
      <Filter>Utilities</Filter>
    </ClInclude>
    <ClInclude Include="Utilities\String.h">
      <Filter>Utilities</Filter>
    </ClInclude>
    <ClInclude Include="Utilities\Xml.h">
      <Filter>Utilities</Filter>
    </ClInclude>
    <ClInclude Include="Utilities\BinaryFile.h">
      <Filter>Utilities</Filter>
    </ClInclude>
    <ClInclude Include="Utilities\Math.h">
      <Filter>Utilities</Filter>
    </ClInclude>
    <ClInclude Include="Viewer\Orthographic.h">
      <Filter>Viewer</Filter>
    </ClInclude>
    <ClInclude Include="Viewer\Perspective.h">
      <Filter>Viewer</Filter>
    </ClInclude>
    <ClInclude Include="Viewer\Projection.h">
      <Filter>Viewer</Filter>
    </ClInclude>
    <ClInclude Include="Viewer\Viewport.h">
      <Filter>Viewer</Filter>
    </ClInclude>
    <ClInclude Include="Framework.h" />
    <ClInclude Include="Viewer\Camera.h">
      <Filter>Viewer</Filter>
    </ClInclude>
    <ClInclude Include="Viewer\Freedom.h">
      <Filter>Viewer</Filter>
    </ClInclude>
    <ClInclude Include="Environment\Terrain.h">
      <Filter>Environment</Filter>
    </ClInclude>
    <ClInclude Include="Renders\DebugLine.h">
      <Filter>Renders</Filter>
    </ClInclude>
    <ClInclude Include="StaticMeshes\StaticMesh.h">
      <Filter>StaticMeshes</Filter>
    </ClInclude>
    <ClInclude Include="StaticMeshes\StaticMesh_Quad.h">
      <Filter>StaticMeshes</Filter>
    </ClInclude>
    <ClInclude Include="StaticMeshes\StaticMesh_Plane.h">
      <Filter>StaticMeshes</Filter>
    </ClInclude>
    <ClInclude Include="StaticMeshes\StaticMesh_Cube.h">
      <Filter>StaticMeshes</Filter>
    </ClInclude>
    <ClInclude Include="StaticMeshes\StaticMesh_Cylinder.h">
      <Filter>StaticMeshes</Filter>
    </ClInclude>
    <ClInclude Include="StaticMeshes\StaticMesh_Sphere.h">
      <Filter>StaticMeshes</Filter>
    </ClInclude>
    <ClInclude Include="StaticMeshes\CubeMapMesh.h">
      <Filter>StaticMeshes</Filter>
    </ClInclude>
    <ClInclude Include="Environment\Sky.h">
      <Filter>Environment</Filter>
    </ClInclude>
    <ClInclude Include="Renders\Buffers.h">
      <Filter>Renders</Filter>
    </ClInclude>
    <ClInclude Include="Renders\Transform.h">
      <Filter>Renders</Filter>
    </ClInclude>
    <ClInclude Include="Renders\PerFrame.h">
      <Filter>Renders</Filter>
    </ClInclude>
    <ClInclude Include="Renders\StaticMeshRenderer.h">
      <Filter>Renders</Filter>
    </ClInclude>
    <ClInclude Include="SkeletalMeshes\SkeletalMesh.h">
      <Filter>SkeletalMeshes</Filter>
    </ClInclude>
    <ClInclude Include="SkeletalMeshes\SkeletalMeshMesh.h">
      <Filter>SkeletalMeshes</Filter>
    </ClInclude>
    <ClInclude Include="SkeletalMeshes\SkeletalMeshRenderer.h">
      <Filter>SkeletalMeshes</Filter>
    </ClInclude>
    <ClInclude Include="Renders\Material.h">
      <Filter>Renders</Filter>
    </ClInclude>
    <ClInclude Include="SkeletalMeshes\SkeletalMeshClip.h">
      <Filter>SkeletalMeshes</Filter>
    </ClInclude>
    <ClInclude Include="SkeletalMeshes\SkeletalMeshAnimator.h">
      <Filter>SkeletalMeshes</Filter>
    </ClInclude>
    <ClInclude Include="Viewer\Canvas.h">
      <Filter>Viewer</Filter>
    </ClInclude>
  </ItemGroup>
</Project>