<?xml version="1.0" encoding="utf-8"?>
<Project ToolsVersion="4.0" xmlns="http://schemas.microsoft.com/developer/msbuild/2003">
  <ItemGroup>
    <ClCompile Include="stdafx.cpp" />
    <ClCompile Include="Main.cpp" />
    <ClCompile Include="LineColorDemo.cpp">
      <Filter>Vertex</Filter>
    </ClCompile>
    <ClCompile Include="LineDemo.cpp">
      <Filter>Vertex</Filter>
    </ClCompile>
    <ClCompile Include="MultiLineDemo.cpp">
      <Filter>Vertex</Filter>
    </ClCompile>
  </ItemGroup>
  <ItemGroup>
    <ClInclude Include="stdafx.h" />
    <ClInclude Include="Main.h" />
    <ClInclude Include="LineColorDemo.h">
      <Filter>Vertex</Filter>
    </ClInclude>
    <ClInclude Include="LineDemo.h">
      <Filter>Vertex</Filter>
    </ClInclude>
    <ClInclude Include="MultiLineDemo.h">
      <Filter>Vertex</Filter>
    </ClInclude>
  </ItemGroup>
  <ItemGroup>
    <Filter Include="Vertex">
      <UniqueIdentifier>{7105317c-c7cd-4f9c-ae55-8dcb3ce9c24c}</UniqueIdentifier>
    </Filter>
  </ItemGroup>
</Project>