<?xml version="1.0" encoding="utf-8"?>
<Project ToolsVersion="4.0" xmlns="http://schemas.microsoft.com/developer/msbuild/2003">
  <ItemGroup>
    <ClCompile Include="Main.cpp" />
    <ClCompile Include="stdafx.cpp" />
    <ClCompile Include="LineColorDemo.cpp">
      <Filter>Vertex</Filter>
    </ClCompile>
    <ClCompile Include="LineDemo.cpp">
      <Filter>Vertex</Filter>
    </ClCompile>
    <ClCompile Include="MultiLineDemo.cpp">
      <Filter>Vertex</Filter>
    </ClCompile>
    <ClCompile Include="PolygonDemo.cpp">
      <Filter>Meshes</Filter>
    </ClCompile>
    <ClCompile Include="PlaneDemo.cpp">
      <Filter>Meshes</Filter>
    </ClCompile>
    <ClCompile Include="WorldDemo.cpp">
      <Filter>Transform</Filter>
    </ClCompile>
    <ClCompile Include="MultiWorldDemo.cpp">
      <Filter>Transform</Filter>
    </ClCompile>
    <ClCompile Include="IndexBufferDemo.cpp">
      <Filter>Meshes</Filter>
    </ClCompile>
    <ClCompile Include="GridDemo.cpp">
      <Filter>Meshes</Filter>
    </ClCompile>
    <ClCompile Include="CubeDemo.cpp">
      <Filter>Meshes</Filter>
    </ClCompile>
    <ClCompile Include="TextureDemo.cpp">
      <Filter>Texture</Filter>
    </ClCompile>
    <ClCompile Include="SamplerStateDemo.cpp">
      <Filter>Texture</Filter>
    </ClCompile>
    <ClCompile Include="TerrainDemo.cpp">
      <Filter>Enivironment</Filter>
    </ClCompile>
    <ClCompile Include="GetHeightDemo.cpp">
      <Filter>Enivironment</Filter>
    </ClCompile>
    <ClCompile Include="StaticMeshDemo.cpp">
      <Filter>StaticMeshes</Filter>
    </ClCompile>
    <ClCompile Include="CubeMapDemo.cpp">
      <Filter>StaticMeshes</Filter>
    </ClCompile>
    <ClCompile Include="ThreadDemo.cpp">
      <Filter>Thread</Filter>
    </ClCompile>
    <ClCompile Include="RawBufferDemo.cpp">
      <Filter>Thread</Filter>
    </ClCompile>
  </ItemGroup>
  <ItemGroup>
    <ClInclude Include="Main.h" />
    <ClInclude Include="stdafx.h" />
    <ClInclude Include="LineColorDemo.h">
      <Filter>Vertex</Filter>
    </ClInclude>
    <ClInclude Include="LineDemo.h">
      <Filter>Vertex</Filter>
    </ClInclude>
    <ClInclude Include="MultiLineDemo.h">
      <Filter>Vertex</Filter>
    </ClInclude>
    <ClInclude Include="PolygonDemo.h">
      <Filter>Meshes</Filter>
    </ClInclude>
    <ClInclude Include="PlaneDemo.h">
      <Filter>Meshes</Filter>
    </ClInclude>
    <ClInclude Include="WorldDemo.h">
      <Filter>Transform</Filter>
    </ClInclude>
    <ClInclude Include="MultiWorldDemo.h">
      <Filter>Transform</Filter>
    </ClInclude>
    <ClInclude Include="IndexBufferDemo.h">
      <Filter>Meshes</Filter>
    </ClInclude>
    <ClInclude Include="GridDemo.h">
      <Filter>Meshes</Filter>
    </ClInclude>
    <ClInclude Include="CubeDemo.h">
      <Filter>Meshes</Filter>
    </ClInclude>
    <ClInclude Include="TextureDemo.h">
      <Filter>Texture</Filter>
    </ClInclude>
    <ClInclude Include="SamplerStateDemo.h">
      <Filter>Texture</Filter>
    </ClInclude>
    <ClInclude Include="TerrainDemo.h">
      <Filter>Enivironment</Filter>
    </ClInclude>
    <ClInclude Include="GetHeightDemo.h">
      <Filter>Enivironment</Filter>
    </ClInclude>
    <ClInclude Include="StaticMeshDemo.h">
      <Filter>StaticMeshes</Filter>
    </ClInclude>
    <ClInclude Include="CubeMapDemo.h">
      <Filter>StaticMeshes</Filter>
    </ClInclude>
    <ClInclude Include="ThreadDemo.h">
      <Filter>Thread</Filter>
    </ClInclude>
    <ClInclude Include="RawBufferDemo.h">
      <Filter>Thread</Filter>
    </ClInclude>
  </ItemGroup>
  <ItemGroup>
    <Filter Include="Vertex">
      <UniqueIdentifier>{27dcaae6-3f85-445b-97b6-4b39c4dbfea3}</UniqueIdentifier>
    </Filter>
    <Filter Include="Meshes">
      <UniqueIdentifier>{5902140e-fb73-4bb8-b358-7166ae3ff8ce}</UniqueIdentifier>
    </Filter>
    <Filter Include="Transform">
      <UniqueIdentifier>{cbd28ad3-8fb2-49b1-b5e5-c0f5dca0e564}</UniqueIdentifier>
    </Filter>
    <Filter Include="Texture">
      <UniqueIdentifier>{7fd8d33a-f611-4eec-bd61-259a869214b8}</UniqueIdentifier>
    </Filter>
    <Filter Include="Enivironment">
      <UniqueIdentifier>{021bf102-f662-455f-a78d-4385e739b661}</UniqueIdentifier>
    </Filter>
    <Filter Include="StaticMeshes">
      <UniqueIdentifier>{2a0d921d-7b4d-4933-b522-8dd1d12c6e72}</UniqueIdentifier>
    </Filter>
    <Filter Include="Thread">
      <UniqueIdentifier>{abf91990-983b-4af0-89d5-6bdbb57a7284}</UniqueIdentifier>
    </Filter>
  </ItemGroup>
</Project>