
Microsoft Visual Studio Solution File, Format Version 12.00
# Visual Studio Version 16
VisualStudioVersion = 16.0.34729.46
MinimumVisualStudioVersion = 10.0.40219.1
Project("{8BC9CEB8-8B4A-11D0-8D11-00A0C91BC942}") = "Framework", "Framework\Framework.vcxproj", "{B46334B0-5550-46BC-ABD8-B4FAD05F3BF0}"
EndProject
Project("{8BC9CEB8-8B4A-11D0-8D11-00A0C91BC942}") = "Demo", "Demo\Demo.vcxproj", "{04AAE558-50C4-4FC1-984B-36AE38221BCF}"
	ProjectSection(ProjectDependencies) = postProject
		{B46334B0-5550-46BC-ABD8-B4FAD05F3BF0} = {B46334B0-5550-46BC-ABD8-B4FAD05F3BF0}
	EndProjectSection
EndProject
Project("{2150E333-8FDC-42A3-9474-1A3956D46DE8}") = "_Shader", "_Shader", "{257E5BEB-17B3-4E0F-B23C-CE94B2047602}"
	ProjectSection(SolutionItems) = preProject
		_Shaders\01_Line.fx = _Shaders\01_Line.fx
		_Shaders\02_LineColor.fx = _Shaders\02_LineColor.fx
		_Shaders\03_Pass.fx = _Shaders\03_Pass.fx
		_Shaders\04_Plane.fx = _Shaders\04_Plane.fx
		_Shaders\05_World.fx = _Shaders\05_World.fx
		_Shaders\06_VertexID.fx = _Shaders\06_VertexID.fx
		_Shaders\07_Grid.fx = _Shaders\07_Grid.fx
		_Shaders\08_Texture.fx = _Shaders\08_Texture.fx
		_Shaders\09_SamplerState.fx = _Shaders\09_SamplerState.fx
		_Shaders\10_Terrain.fx = _Shaders\10_Terrain.fx
		_Shaders\11_DebugLine.fx = _Shaders\11_DebugLine.fx
		_Shaders\12_Tri.fx = _Shaders\12_Tri.fx
		_Shaders\13_StaticMesh.fx = _Shaders\13_StaticMesh.fx
		_Shaders\14_CubeMap.fx = _Shaders\14_CubeMap.fx
		_Shaders\15_Sky.fx = _Shaders\15_Sky.fx
	EndProjectSection
EndProject
Global
	GlobalSection(SolutionConfigurationPlatforms) = preSolution
		Debug|x86 = Debug|x86
		Release|x86 = Release|x86
	EndGlobalSection
	GlobalSection(ProjectConfigurationPlatforms) = postSolution
		{B46334B0-5550-46BC-ABD8-B4FAD05F3BF0}.Debug|x86.ActiveCfg = Debug|Win32
		{B46334B0-5550-46BC-ABD8-B4FAD05F3BF0}.Debug|x86.Build.0 = Debug|Win32
		{B46334B0-5550-46BC-ABD8-B4FAD05F3BF0}.Release|x86.ActiveCfg = Release|Win32
		{B46334B0-5550-46BC-ABD8-B4FAD05F3BF0}.Release|x86.Build.0 = Release|Win32
		{04AAE558-50C4-4FC1-984B-36AE38221BCF}.Debug|x86.ActiveCfg = Debug|Win32
		{04AAE558-50C4-4FC1-984B-36AE38221BCF}.Debug|x86.Build.0 = Debug|Win32
		{04AAE558-50C4-4FC1-984B-36AE38221BCF}.Release|x86.ActiveCfg = Release|Win32
		{04AAE558-50C4-4FC1-984B-36AE38221BCF}.Release|x86.Build.0 = Release|Win32
	EndGlobalSection
	GlobalSection(SolutionProperties) = preSolution
		HideSolutionNode = FALSE
	EndGlobalSection
	GlobalSection(ExtensibilityGlobals) = postSolution
		SolutionGuid = {A6A4905B-8D75-43B8-9B50-08612FB4EF16}
	EndGlobalSection
EndGlobal
